PODS:
  - Alamofire (4.8.2)
  - BLECore (4.0.8):
    - Logging (= 4.0.8)
  - BoseWearable (4.0.8):
    - BLECore (= 4.0.8)
    - Logging (= 4.0.8)
  - Logging (4.0.8)
  - Mapbox-iOS-SDK (5.1.0)
  - SnapKit (5.0.0)
  - SwiftLint (0.33.0)

DEPENDENCIES:
  - Alamofire (~> 4.8.1)
  - BLECore (from `BoseWearable/`)
  - BoseWearable (from `BoseWearable/`)
  - Logging (from `BoseWearable/`)
  - Mapbox-iOS-SDK (~> 5.1)
  - SnapKit (~> 5.0.0)
  - SwiftLint

SPEC REPOS:
  https://github.com/cocoapods/specs.git:
    - Alamofire
    - Mapbox-iOS-SDK
    - SnapKit
    - SwiftLint

EXTERNAL SOURCES:
  BLECore:
    :path: BoseWearable/
  BoseWearable:
    :path: BoseWearable/
  Logging:
    :path: BoseWearable/

SPEC CHECKSUMS:
  Alamofire: ae5c501addb7afdbb13687d7f2f722c78734c2d3
  BLECore: 550f1f5e9c61d2651763c92ad46870b2d75ea215
  BoseWearable: d383b576def76c3e0bcadabed171cef00be33dcd
  Logging: a266fd6834adc9d314f48ca5a747feb7f561a50d
  Mapbox-iOS-SDK: 4106f0f6808a0362233a703fb22369b3af3e9b8c
  SnapKit: fd22d10eb9aff484d79a8724eab922c1ddf89bcf
  SwiftLint: fed9c66336e41fc74dc48a73678380718f0c8b0e

PODFILE CHECKSUM: e5913bb5e8006c538e5073588b7714e4a55ca210

COCOAPODS: 1.6.2
